
Microsoft Visual Studio Solution File, Format Version 12.00
# Visual Studio 15
VisualStudioVersion = 15.0.26124.0
MinimumVisualStudioVersion = 15.0.26124.0
Project("{FAE04EC0-301F-11D3-BF4B-00C04F79EFBC}") = "quotable.console", "quotable.console\quotable.console.csproj", "{41830467-E9F8-46DF-8017-823738F05E36}"
EndProject
Project("{FAE04EC0-301F-11D3-BF4B-00C04F79EFBC}") = "quotable.core", "quotable.core\quotable.core.csproj", "{53E5D217-2253-4C9D-A003-ABA0CA543105}"
EndProject
Global
	GlobalSection(SolutionConfigurationPlatforms) = preSolution
		Debug|Any CPU = Debug|Any CPU
		Debug|x64 = Debug|x64
		Debug|x86 = Debug|x86
		Release|Any CPU = Release|Any CPU
		Release|x64 = Release|x64
		Release|x86 = Release|x86
	EndGlobalSection
	GlobalSection(SolutionProperties) = preSolution
		HideSolutionNode = FALSE
	EndGlobalSection
	GlobalSection(ProjectConfigurationPlatforms) = postSolution
		{41830467-E9F8-46DF-8017-823738F05E36}.Debug|Any CPU.ActiveCfg = Debug|Any CPU
		{41830467-E9F8-46DF-8017-823738F05E36}.Debug|Any CPU.Build.0 = Debug|Any CPU
		{41830467-E9F8-46DF-8017-823738F05E36}.Debug|x64.ActiveCfg = Debug|Any CPU
		{41830467-E9F8-46DF-8017-823738F05E36}.Debug|x64.Build.0 = Debug|Any CPU
		{41830467-E9F8-46DF-8017-823738F05E36}.Debug|x86.ActiveCfg = Debug|Any CPU
		{41830467-E9F8-46DF-8017-823738F05E36}.Debug|x86.Build.0 = Debug|Any CPU
		{41830467-E9F8-46DF-8017-823738F05E36}.Release|Any CPU.ActiveCfg = Release|Any CPU
		{41830467-E9F8-46DF-8017-823738F05E36}.Release|Any CPU.Build.0 = Release|Any CPU
		{41830467-E9F8-46DF-8017-823738F05E36}.Release|x64.ActiveCfg = Release|Any CPU
		{41830467-E9F8-46DF-8017-823738F05E36}.Release|x64.Build.0 = Release|Any CPU
		{41830467-E9F8-46DF-8017-823738F05E36}.Release|x86.ActiveCfg = Release|Any CPU
		{41830467-E9F8-46DF-8017-823738F05E36}.Release|x86.Build.0 = Release|Any CPU
		{53E5D217-2253-4C9D-A003-ABA0CA543105}.Debug|Any CPU.ActiveCfg = Debug|Any CPU
		{53E5D217-2253-4C9D-A003-ABA0CA543105}.Debug|Any CPU.Build.0 = Debug|Any CPU
		{53E5D217-2253-4C9D-A003-ABA0CA543105}.Debug|x64.ActiveCfg = Debug|Any CPU
		{53E5D217-2253-4C9D-A003-ABA0CA543105}.Debug|x64.Build.0 = Debug|Any CPU
		{53E5D217-2253-4C9D-A003-ABA0CA543105}.Debug|x86.ActiveCfg = Debug|Any CPU
		{53E5D217-2253-4C9D-A003-ABA0CA543105}.Debug|x86.Build.0 = Debug|Any CPU
		{53E5D217-2253-4C9D-A003-ABA0CA543105}.Release|Any CPU.ActiveCfg = Release|Any CPU
		{53E5D217-2253-4C9D-A003-ABA0CA543105}.Release|Any CPU.Build.0 = Release|Any CPU
		{53E5D217-2253-4C9D-A003-ABA0CA543105}.Release|x64.ActiveCfg = Release|Any CPU
		{53E5D217-2253-4C9D-A003-ABA0CA543105}.Release|x64.Build.0 = Release|Any CPU
		{53E5D217-2253-4C9D-A003-ABA0CA543105}.Release|x86.ActiveCfg = Release|Any CPU
		{53E5D217-2253-4C9D-A003-ABA0CA543105}.Release|x86.Build.0 = Release|Any CPU
	EndGlobalSection
EndGlobal
